
Microsoft Visual Studio Solution File, Format Version 12.00
# Visual Studio 15
VisualStudioVersion = 15.0.28307.572
MinimumVisualStudioVersion = 10.0.40219.1
Project("{FAE04EC0-301F-11D3-BF4B-00C04F79EFBC}") = "lab9", "lab9\lab9.csproj", "{7C0E591C-649C-4A8C-AABC-492FF784C446}"
EndProject
Project("{9A19103F-16F7-4668-BE54-9A1E7A4F7556}") = "lab9Tests", "lab9Tests\lab9Tests.csproj", "{0FCB08A3-F83A-4349-A954-2D61754C73A5}"
EndProject
Project("{FAE04EC0-301F-11D3-BF4B-00C04F79EFBC}") = "lab9.1", "lab9.1\lab9.1.csproj", "{74F2817A-CD56-4610-B00C-AE15FE8EFF08}"
EndProject
Global
	GlobalSection(SolutionConfigurationPlatforms) = preSolution
		Debug|Any CPU = Debug|Any CPU
		Release|Any CPU = Release|Any CPU
	EndGlobalSection
	GlobalSection(ProjectConfigurationPlatforms) = postSolution
		{7C0E591C-649C-4A8C-AABC-492FF784C446}.Debug|Any CPU.ActiveCfg = Debug|Any CPU
		{7C0E591C-649C-4A8C-AABC-492FF784C446}.Debug|Any CPU.Build.0 = Debug|Any CPU
		{7C0E591C-649C-4A8C-AABC-492FF784C446}.Release|Any CPU.ActiveCfg = Release|Any CPU
		{7C0E591C-649C-4A8C-AABC-492FF784C446}.Release|Any CPU.Build.0 = Release|Any CPU
		{0FCB08A3-F83A-4349-A954-2D61754C73A5}.Debug|Any CPU.ActiveCfg = Debug|Any CPU
		{0FCB08A3-F83A-4349-A954-2D61754C73A5}.Debug|Any CPU.Build.0 = Debug|Any CPU
		{0FCB08A3-F83A-4349-A954-2D61754C73A5}.Release|Any CPU.ActiveCfg = Release|Any CPU
		{0FCB08A3-F83A-4349-A954-2D61754C73A5}.Release|Any CPU.Build.0 = Release|Any CPU
		{74F2817A-CD56-4610-B00C-AE15FE8EFF08}.Debug|Any CPU.ActiveCfg = Debug|Any CPU
		{74F2817A-CD56-4610-B00C-AE15FE8EFF08}.Debug|Any CPU.Build.0 = Debug|Any CPU
		{74F2817A-CD56-4610-B00C-AE15FE8EFF08}.Release|Any CPU.ActiveCfg = Release|Any CPU
		{74F2817A-CD56-4610-B00C-AE15FE8EFF08}.Release|Any CPU.Build.0 = Release|Any CPU
	EndGlobalSection
	GlobalSection(SolutionProperties) = preSolution
		HideSolutionNode = FALSE
	EndGlobalSection
	GlobalSection(ExtensibilityGlobals) = postSolution
		SolutionGuid = {BBEE32DE-BEF2-4600-A714-F18CD0DF15B7}
	EndGlobalSection
EndGlobal
