
Microsoft Visual Studio Solution File, Format Version 12.00
# Visual Studio 15
VisualStudioVersion = 15.0.27130.2027
MinimumVisualStudioVersion = 10.0.40219.1
Project("{9A19103F-16F7-4668-BE54-9A1E7A4F7556}") = "task1", "task1\task1.csproj", "{EFB8FB1E-A168-4BFA-82A4-6AC6D55E2015}"
EndProject
Project("{FAE04EC0-301F-11D3-BF4B-00C04F79EFBC}") = "task1Tests", "task1Tests\task1Tests.csproj", "{8091677F-65C4-4C4D-AE6F-F9E8C17A77A7}"
EndProject
Global
	GlobalSection(SolutionConfigurationPlatforms) = preSolution
		Debug|Any CPU = Debug|Any CPU
		Debug|ARM = Debug|ARM
		Debug|ARM64 = Debug|ARM64
		Debug|x64 = Debug|x64
		Debug|x86 = Debug|x86
		Release|Any CPU = Release|Any CPU
		Release|ARM = Release|ARM
		Release|ARM64 = Release|ARM64
		Release|x64 = Release|x64
		Release|x86 = Release|x86
	EndGlobalSection
	GlobalSection(ProjectConfigurationPlatforms) = postSolution
		{EFB8FB1E-A168-4BFA-82A4-6AC6D55E2015}.Debug|Any CPU.ActiveCfg = Debug|Any CPU
		{EFB8FB1E-A168-4BFA-82A4-6AC6D55E2015}.Debug|Any CPU.Build.0 = Debug|Any CPU
		{EFB8FB1E-A168-4BFA-82A4-6AC6D55E2015}.Debug|ARM.ActiveCfg = Debug|Any CPU
		{EFB8FB1E-A168-4BFA-82A4-6AC6D55E2015}.Debug|ARM.Build.0 = Debug|Any CPU
		{EFB8FB1E-A168-4BFA-82A4-6AC6D55E2015}.Debug|ARM64.ActiveCfg = Debug|Any CPU
		{EFB8FB1E-A168-4BFA-82A4-6AC6D55E2015}.Debug|ARM64.Build.0 = Debug|Any CPU
		{EFB8FB1E-A168-4BFA-82A4-6AC6D55E2015}.Debug|x64.ActiveCfg = Debug|Any CPU
		{EFB8FB1E-A168-4BFA-82A4-6AC6D55E2015}.Debug|x64.Build.0 = Debug|Any CPU
		{EFB8FB1E-A168-4BFA-82A4-6AC6D55E2015}.Debug|x86.ActiveCfg = Debug|Any CPU
		{EFB8FB1E-A168-4BFA-82A4-6AC6D55E2015}.Debug|x86.Build.0 = Debug|Any CPU
		{EFB8FB1E-A168-4BFA-82A4-6AC6D55E2015}.Release|Any CPU.ActiveCfg = Release|Any CPU
		{EFB8FB1E-A168-4BFA-82A4-6AC6D55E2015}.Release|Any CPU.Build.0 = Release|Any CPU
		{EFB8FB1E-A168-4BFA-82A4-6AC6D55E2015}.Release|ARM.ActiveCfg = Release|Any CPU
		{EFB8FB1E-A168-4BFA-82A4-6AC6D55E2015}.Release|ARM.Build.0 = Release|Any CPU
		{EFB8FB1E-A168-4BFA-82A4-6AC6D55E2015}.Release|ARM64.ActiveCfg = Release|Any CPU
		{EFB8FB1E-A168-4BFA-82A4-6AC6D55E2015}.Release|ARM64.Build.0 = Release|Any CPU
		{EFB8FB1E-A168-4BFA-82A4-6AC6D55E2015}.Release|x64.ActiveCfg = Release|Any CPU
		{EFB8FB1E-A168-4BFA-82A4-6AC6D55E2015}.Release|x64.Build.0 = Release|Any CPU
		{EFB8FB1E-A168-4BFA-82A4-6AC6D55E2015}.Release|x86.ActiveCfg = Release|Any CPU
		{EFB8FB1E-A168-4BFA-82A4-6AC6D55E2015}.Release|x86.Build.0 = Release|Any CPU
		{8091677F-65C4-4C4D-AE6F-F9E8C17A77A7}.Debug|Any CPU.ActiveCfg = Debug|Any CPU
		{8091677F-65C4-4C4D-AE6F-F9E8C17A77A7}.Debug|Any CPU.Build.0 = Debug|Any CPU
		{8091677F-65C4-4C4D-AE6F-F9E8C17A77A7}.Debug|ARM.ActiveCfg = Debug|Any CPU
		{8091677F-65C4-4C4D-AE6F-F9E8C17A77A7}.Debug|ARM.Build.0 = Debug|Any CPU
		{8091677F-65C4-4C4D-AE6F-F9E8C17A77A7}.Debug|ARM64.ActiveCfg = Debug|Any CPU
		{8091677F-65C4-4C4D-AE6F-F9E8C17A77A7}.Debug|ARM64.Build.0 = Debug|Any CPU
		{8091677F-65C4-4C4D-AE6F-F9E8C17A77A7}.Debug|x64.ActiveCfg = Debug|Any CPU
		{8091677F-65C4-4C4D-AE6F-F9E8C17A77A7}.Debug|x64.Build.0 = Debug|Any CPU
		{8091677F-65C4-4C4D-AE6F-F9E8C17A77A7}.Debug|x86.ActiveCfg = Debug|Any CPU
		{8091677F-65C4-4C4D-AE6F-F9E8C17A77A7}.Debug|x86.Build.0 = Debug|Any CPU
		{8091677F-65C4-4C4D-AE6F-F9E8C17A77A7}.Release|Any CPU.ActiveCfg = Release|Any CPU
		{8091677F-65C4-4C4D-AE6F-F9E8C17A77A7}.Release|Any CPU.Build.0 = Release|Any CPU
		{8091677F-65C4-4C4D-AE6F-F9E8C17A77A7}.Release|ARM.ActiveCfg = Release|Any CPU
		{8091677F-65C4-4C4D-AE6F-F9E8C17A77A7}.Release|ARM.Build.0 = Release|Any CPU
		{8091677F-65C4-4C4D-AE6F-F9E8C17A77A7}.Release|ARM64.ActiveCfg = Release|Any CPU
		{8091677F-65C4-4C4D-AE6F-F9E8C17A77A7}.Release|ARM64.Build.0 = Release|Any CPU
		{8091677F-65C4-4C4D-AE6F-F9E8C17A77A7}.Release|x64.ActiveCfg = Release|Any CPU
		{8091677F-65C4-4C4D-AE6F-F9E8C17A77A7}.Release|x64.Build.0 = Release|Any CPU
		{8091677F-65C4-4C4D-AE6F-F9E8C17A77A7}.Release|x86.ActiveCfg = Release|Any CPU
		{8091677F-65C4-4C4D-AE6F-F9E8C17A77A7}.Release|x86.Build.0 = Release|Any CPU
	EndGlobalSection
	GlobalSection(SolutionProperties) = preSolution
		HideSolutionNode = FALSE
	EndGlobalSection
	GlobalSection(ExtensibilityGlobals) = postSolution
		SolutionGuid = {BF7111E5-0FC3-401E-A97F-86B2FD01256C}
	EndGlobalSection
EndGlobal
