
Microsoft Visual Studio Solution File, Format Version 12.00
# Visual Studio 15
VisualStudioVersion = 15.0.27130.2027
MinimumVisualStudioVersion = 10.0.40219.1
Project("{FAE04EC0-301F-11D3-BF4B-00C04F79EFBC}") = "Task1", "Task1\Task1.csproj", "{C06FF99E-76B0-4877-A7CC-A255442F8AE3}"
EndProject
Project("{FAE04EC0-301F-11D3-BF4B-00C04F79EFBC}") = "Task1Tests", "Task1Tests\Task1Tests.csproj", "{72E1948C-3910-46B0-887F-5EC5E94BB24D}"
EndProject
Global
	GlobalSection(SolutionConfigurationPlatforms) = preSolution
		Debug|Any CPU = Debug|Any CPU
		Release|Any CPU = Release|Any CPU
	EndGlobalSection
	GlobalSection(ProjectConfigurationPlatforms) = postSolution
		{C06FF99E-76B0-4877-A7CC-A255442F8AE3}.Debug|Any CPU.ActiveCfg = Debug|Any CPU
		{C06FF99E-76B0-4877-A7CC-A255442F8AE3}.Debug|Any CPU.Build.0 = Debug|Any CPU
		{C06FF99E-76B0-4877-A7CC-A255442F8AE3}.Release|Any CPU.ActiveCfg = Release|Any CPU
		{C06FF99E-76B0-4877-A7CC-A255442F8AE3}.Release|Any CPU.Build.0 = Release|Any CPU
		{72E1948C-3910-46B0-887F-5EC5E94BB24D}.Debug|Any CPU.ActiveCfg = Debug|Any CPU
		{72E1948C-3910-46B0-887F-5EC5E94BB24D}.Debug|Any CPU.Build.0 = Debug|Any CPU
		{72E1948C-3910-46B0-887F-5EC5E94BB24D}.Release|Any CPU.ActiveCfg = Release|Any CPU
		{72E1948C-3910-46B0-887F-5EC5E94BB24D}.Release|Any CPU.Build.0 = Release|Any CPU
	EndGlobalSection
	GlobalSection(SolutionProperties) = preSolution
		HideSolutionNode = FALSE
	EndGlobalSection
	GlobalSection(ExtensibilityGlobals) = postSolution
		SolutionGuid = {48691350-184F-4CDA-A408-14717F19323F}
	EndGlobalSection
EndGlobal
