
Microsoft Visual Studio Solution File, Format Version 12.00
# Visual Studio 15
VisualStudioVersion = 15.0.27130.2027
MinimumVisualStudioVersion = 10.0.40219.1
Project("{9A19103F-16F7-4668-BE54-9A1E7A4F7556}") = "lab2", "lab2\lab2.csproj", "{E505DBEC-EEDE-4349-B990-F543F61DC011}"
EndProject
Project("{9A19103F-16F7-4668-BE54-9A1E7A4F7556}") = "lab2UnitTest", "lab2UnitTest\lab2UnitTest.csproj", "{614CB665-A812-4FA9-A4D4-28BC6731E36C}"
EndProject
Project("{9A19103F-16F7-4668-BE54-9A1E7A4F7556}") = "WeatherStationDuo", "WeatherStationDuo\WeatherStationDuo.csproj", "{E59C12FB-51D3-47F4-99EF-12267EE8E8EC}"
EndProject
Project("{FAE04EC0-301F-11D3-BF4B-00C04F79EFBC}") = "WeatherStationPro", "WeatherStationPro\WeatherStationPro.csproj", "{564E1E9C-8FC8-4640-B1B3-F3749CA0C69A}"
EndProject
Project("{FAE04EC0-301F-11D3-BF4B-00C04F79EFBC}") = "WeatherStationProDuo", "WeatherStationProDuo\WeatherStationProDuo.csproj", "{92AA6AAC-2B90-46C2-AFA9-7128BC9C3FCF}"
EndProject
Global
	GlobalSection(SolutionConfigurationPlatforms) = preSolution
		Debug|Any CPU = Debug|Any CPU
		Release|Any CPU = Release|Any CPU
	EndGlobalSection
	GlobalSection(ProjectConfigurationPlatforms) = postSolution
		{E505DBEC-EEDE-4349-B990-F543F61DC011}.Debug|Any CPU.ActiveCfg = Debug|Any CPU
		{E505DBEC-EEDE-4349-B990-F543F61DC011}.Debug|Any CPU.Build.0 = Debug|Any CPU
		{E505DBEC-EEDE-4349-B990-F543F61DC011}.Release|Any CPU.ActiveCfg = Release|Any CPU
		{E505DBEC-EEDE-4349-B990-F543F61DC011}.Release|Any CPU.Build.0 = Release|Any CPU
		{614CB665-A812-4FA9-A4D4-28BC6731E36C}.Debug|Any CPU.ActiveCfg = Debug|Any CPU
		{614CB665-A812-4FA9-A4D4-28BC6731E36C}.Debug|Any CPU.Build.0 = Debug|Any CPU
		{614CB665-A812-4FA9-A4D4-28BC6731E36C}.Release|Any CPU.ActiveCfg = Release|Any CPU
		{614CB665-A812-4FA9-A4D4-28BC6731E36C}.Release|Any CPU.Build.0 = Release|Any CPU
		{E59C12FB-51D3-47F4-99EF-12267EE8E8EC}.Debug|Any CPU.ActiveCfg = Debug|Any CPU
		{E59C12FB-51D3-47F4-99EF-12267EE8E8EC}.Debug|Any CPU.Build.0 = Debug|Any CPU
		{E59C12FB-51D3-47F4-99EF-12267EE8E8EC}.Release|Any CPU.ActiveCfg = Release|Any CPU
		{E59C12FB-51D3-47F4-99EF-12267EE8E8EC}.Release|Any CPU.Build.0 = Release|Any CPU
		{564E1E9C-8FC8-4640-B1B3-F3749CA0C69A}.Debug|Any CPU.ActiveCfg = Debug|Any CPU
		{564E1E9C-8FC8-4640-B1B3-F3749CA0C69A}.Debug|Any CPU.Build.0 = Debug|Any CPU
		{564E1E9C-8FC8-4640-B1B3-F3749CA0C69A}.Release|Any CPU.ActiveCfg = Release|Any CPU
		{564E1E9C-8FC8-4640-B1B3-F3749CA0C69A}.Release|Any CPU.Build.0 = Release|Any CPU
		{92AA6AAC-2B90-46C2-AFA9-7128BC9C3FCF}.Debug|Any CPU.ActiveCfg = Debug|Any CPU
		{92AA6AAC-2B90-46C2-AFA9-7128BC9C3FCF}.Debug|Any CPU.Build.0 = Debug|Any CPU
		{92AA6AAC-2B90-46C2-AFA9-7128BC9C3FCF}.Release|Any CPU.ActiveCfg = Release|Any CPU
		{92AA6AAC-2B90-46C2-AFA9-7128BC9C3FCF}.Release|Any CPU.Build.0 = Release|Any CPU
	EndGlobalSection
	GlobalSection(SolutionProperties) = preSolution
		HideSolutionNode = FALSE
	EndGlobalSection
	GlobalSection(ExtensibilityGlobals) = postSolution
		SolutionGuid = {6DEDDDA0-7F16-48A5-BBFA-F87F12F9C34D}
	EndGlobalSection
EndGlobal
